// !$*UTF8*$!
{
	archiveVersion = 1;
	classes = {
	};
	objectVersion = 46;
	objects = {

/* Begin PBXBuildFile section */
		A45F715B1CFF4776001FE696 /* main.m in Sources */ = {isa = PBXBuildFile; fileRef = A45F715A1CFF4776001FE696 /* main.m */; };
		A45F715E1CFF4776001FE696 /* AppDelegate.m in Sources */ = {isa = PBXBuildFile; fileRef = A45F715D1CFF4776001FE696 /* AppDelegate.m */; };
		A45F71611CFF4776001FE696 /* CoursesViewController.m in Sources */ = {isa = PBXBuildFile; fileRef = A45F71601CFF4776001FE696 /* CoursesViewController.m */; };
		A45F71641CFF4776001FE696 /* Main.storyboard in Resources */ = {isa = PBXBuildFile; fileRef = A45F71621CFF4776001FE696 /* Main.storyboard */; };
		A45F71661CFF4776001FE696 /* Assets.xcassets in Resources */ = {isa = PBXBuildFile; fileRef = A45F71651CFF4776001FE696 /* Assets.xcassets */; };
		A45F71691CFF4776001FE696 /* LaunchScreen.storyboard in Resources */ = {isa = PBXBuildFile; fileRef = A45F71671CFF4776001FE696 /* LaunchScreen.storyboard */; };
		A45F71721CFF83D3001FE696 /* WebViewController.m in Sources */ = {isa = PBXBuildFile; fileRef = A45F71711CFF83D3001FE696 /* WebViewController.m */; };
/* End PBXBuildFile section */

/* Begin PBXFileReference section */
		A45F71561CFF4776001FE696 /* NerdFeed.app */ = {isa = PBXFileReference; explicitFileType = wrapper.application; includeInIndex = 0; path = NerdFeed.app; sourceTree = BUILT_PRODUCTS_DIR; };
		A45F715A1CFF4776001FE696 /* main.m */ = {isa = PBXFileReference; lastKnownFileType = sourcecode.c.objc; path = main.m; sourceTree = "<group>"; };
		A45F715C1CFF4776001FE696 /* AppDelegate.h */ = {isa = PBXFileReference; lastKnownFileType = sourcecode.c.h; path = AppDelegate.h; sourceTree = "<group>"; };
		A45F715D1CFF4776001FE696 /* AppDelegate.m */ = {isa = PBXFileReference; lastKnownFileType = sourcecode.c.objc; path = AppDelegate.m; sourceTree = "<group>"; };
		A45F715F1CFF4776001FE696 /* CoursesViewController.h */ = {isa = PBXFileReference; lastKnownFileType = sourcecode.c.h; path = CoursesViewController.h; sourceTree = "<group>"; };
		A45F71601CFF4776001FE696 /* CoursesViewController.m */ = {isa = PBXFileReference; lastKnownFileType = sourcecode.c.objc; path = CoursesViewController.m; sourceTree = "<group>"; };
		A45F71631CFF4776001FE696 /* Base */ = {isa = PBXFileReference; lastKnownFileType = file.storyboard; name = Base; path = Base.lproj/Main.storyboard; sourceTree = "<group>"; };
		A45F71651CFF4776001FE696 /* Assets.xcassets */ = {isa = PBXFileReference; lastKnownFileType = folder.assetcatalog; path = Assets.xcassets; sourceTree = "<group>"; };
		A45F71681CFF4776001FE696 /* Base */ = {isa = PBXFileReference; lastKnownFileType = file.storyboard; name = Base; path = Base.lproj/LaunchScreen.storyboard; sourceTree = "<group>"; };
		A45F716A1CFF4776001FE696 /* Info.plist */ = {isa = PBXFileReference; lastKnownFileType = text.plist.xml; path = Info.plist; sourceTree = "<group>"; };
		A45F71701CFF83D3001FE696 /* WebViewController.h */ = {isa = PBXFileReference; fileEncoding = 4; lastKnownFileType = sourcecode.c.h; path = WebViewController.h; sourceTree = SOURCE_ROOT; };
		A45F71711CFF83D3001FE696 /* WebViewController.m */ = {isa = PBXFileReference; fileEncoding = 4; lastKnownFileType = sourcecode.c.objc; path = WebViewController.m; sourceTree = SOURCE_ROOT; };
/* End PBXFileReference section */

/* Begin PBXFrameworksBuildPhase section */
		A45F71531CFF4776001FE696 /* Frameworks */ = {
			isa = PBXFrameworksBuildPhase;
			buildActionMask = 2147483647;
			files = (
			);
			runOnlyForDeploymentPostprocessing = 0;
		};
/* End PBXFrameworksBuildPhase section */

/* Begin PBXGroup section */
		A45F714D1CFF4776001FE696 = {
			isa = PBXGroup;
			children = (
				A45F71581CFF4776001FE696 /* NerdFeed */,
				A45F71571CFF4776001FE696 /* Products */,
			);
			sourceTree = "<group>";
		};
		A45F71571CFF4776001FE696 /* Products */ = {
			isa = PBXGroup;
			children = (
				A45F71561CFF4776001FE696 /* NerdFeed.app */,
			);
			name = Products;
			sourceTree = "<group>";
		};
		A45F71581CFF4776001FE696 /* NerdFeed */ = {
			isa = PBXGroup;
			children = (
				A45F715C1CFF4776001FE696 /* AppDelegate.h */,
				A45F715D1CFF4776001FE696 /* AppDelegate.m */,
				A45F715F1CFF4776001FE696 /* CoursesViewController.h */,
				A45F71601CFF4776001FE696 /* CoursesViewController.m */,
				A45F71701CFF83D3001FE696 /* WebViewController.h */,
				A45F71711CFF83D3001FE696 /* WebViewController.m */,
				A45F71621CFF4776001FE696 /* Main.storyboard */,
				A45F71651CFF4776001FE696 /* Assets.xcassets */,
				A45F71671CFF4776001FE696 /* LaunchScreen.storyboard */,
				A45F716A1CFF4776001FE696 /* Info.plist */,
				A45F71591CFF4776001FE696 /* Supporting Files */,
			);
			path = NerdFeed;
			sourceTree = "<group>";
		};
		A45F71591CFF4776001FE696 /* Supporting Files */ = {
			isa = PBXGroup;
			children = (
				A45F715A1CFF4776001FE696 /* main.m */,
			);
			name = "Supporting Files";
			sourceTree = "<group>";
		};
/* End PBXGroup section */

/* Begin PBXNativeTarget section */
		A45F71551CFF4776001FE696 /* NerdFeed */ = {
			isa = PBXNativeTarget;
			buildConfigurationList = A45F716D1CFF4776001FE696 /* Build configuration list for PBXNativeTarget "NerdFeed" */;
			buildPhases = (
				A45F71521CFF4776001FE696 /* Sources */,
				A45F71531CFF4776001FE696 /* Frameworks */,
				A45F71541CFF4776001FE696 /* Resources */,
			);
			buildRules = (
			);
			dependencies = (
			);
			name = NerdFeed;
			productName = NerdFeed;
			productReference = A45F71561CFF4776001FE696 /* NerdFeed.app */;
			productType = "com.apple.product-type.application";
		};
/* End PBXNativeTarget section */

/* Begin PBXProject section */
		A45F714E1CFF4776001FE696 /* Project object */ = {
			isa = PBXProject;
			attributes = {
				LastUpgradeCheck = 0730;
				ORGANIZATIONNAME = "Big Nerd";
				TargetAttributes = {
					A45F71551CFF4776001FE696 = {
						CreatedOnToolsVersion = 7.3;
					};
				};
			};
			buildConfigurationList = A45F71511CFF4776001FE696 /* Build configuration list for PBXProject "NerdFeed" */;
			compatibilityVersion = "Xcode 3.2";
			developmentRegion = English;
			hasScannedForEncodings = 0;
			knownRegions = (
				en,
				Base,
			);
			mainGroup = A45F714D1CFF4776001FE696;
			productRefGroup = A45F71571CFF4776001FE696 /* Products */;
			projectDirPath = "";
			projectRoot = "";
			targets = (
				A45F71551CFF4776001FE696 /* NerdFeed */,
			);
		};
/* End PBXProject section */

/* Begin PBXResourcesBuildPhase section */
		A45F71541CFF4776001FE696 /* Resources */ = {
			isa = PBXResourcesBuildPhase;
			buildActionMask = 2147483647;
			files = (
				A45F71691CFF4776001FE696 /* LaunchScreen.storyboard in Resources */,
				A45F71661CFF4776001FE696 /* Assets.xcassets in Resources */,
				A45F71641CFF4776001FE696 /* Main.storyboard in Resources */,
			);
			runOnlyForDeploymentPostprocessing = 0;
		};
/* End PBXResourcesBuildPhase section */

/* Begin PBXSourcesBuildPhase section */
		A45F71521CFF4776001FE696 /* Sources */ = {
			isa = PBXSourcesBuildPhase;
			buildActionMask = 2147483647;
			files = (
				A45F71611CFF4776001FE696 /* CoursesViewController.m in Sources */,
				A45F715E1CFF4776001FE696 /* AppDelegate.m in Sources */,
				A45F71721CFF83D3001FE696 /* WebViewController.m in Sources */,
				A45F715B1CFF4776001FE696 /* main.m in Sources */,
			);
			runOnlyForDeploymentPostprocessing = 0;
		};
/* End PBXSourcesBuildPhase section */

/* Begin PBXVariantGroup section */
		A45F71621CFF4776001FE696 /* Main.storyboard */ = {
			isa = PBXVariantGroup;
			children = (
				A45F71631CFF4776001FE696 /* Base */,
			);
			name = Main.storyboard;
			sourceTree = "<group>";
		};
		A45F71671CFF4776001FE696 /* LaunchScreen.storyboard */ = {
			isa = PBXVariantGroup;
			children = (
				A45F71681CFF4776001FE696 /* Base */,
			);
			name = LaunchScreen.storyboard;
			sourceTree = "<group>";
		};
/* End PBXVariantGroup section */

/* Begin XCBuildConfiguration section */
		A45F716B1CFF4776001FE696 /* Debug */ = {
			isa = XCBuildConfiguration;
			buildSettings = {
				ALWAYS_SEARCH_USER_PATHS = NO;
				CLANG_ANALYZER_NONNULL = YES;
				CLANG_CXX_LANGUAGE_STANDARD = "gnu++0x";
				CLANG_CXX_LIBRARY = "libc++";
				CLANG_ENABLE_MODULES = YES;
				CLANG_ENABLE_OBJC_ARC = YES;
				CLANG_WARN_BOOL_CONVERSION = YES;
				CLANG_WARN_CONSTANT_CONVERSION = YES;
				CLANG_WARN_DIRECT_OBJC_ISA_USAGE = YES_ERROR;
				CLANG_WARN_EMPTY_BODY = YES;
				CLANG_WARN_ENUM_CONVERSION = YES;
				CLANG_WARN_INT_CONVERSION = YES;
				CLANG_WARN_OBJC_ROOT_CLASS = YES_ERROR;
				CLANG_WARN_UNREACHABLE_CODE = YES;
				CLANG_WARN__DUPLICATE_METHOD_MATCH = YES;
				"CODE_SIGN_IDENTITY[sdk=iphoneos*]" = "iPhone Developer";
				COPY_PHASE_STRIP = NO;
				DEBUG_INFORMATION_FORMAT = dwarf;
				ENABLE_STRICT_OBJC_MSGSEND = YES;
				ENABLE_TESTABILITY = YES;
				GCC_C_LANGUAGE_STANDARD = gnu99;
				GCC_DYNAMIC_NO_PIC = NO;
				GCC_NO_COMMON_BLOCKS = YES;
				GCC_OPTIMIZATION_LEVEL = 0;
				GCC_PREPROCESSOR_DEFINITIONS = (
					"DEBUG=1",
					"$(inherited)",
				);
				GCC_WARN_64_TO_32_BIT_CONVERSION = YES;
				GCC_WARN_ABOUT_RETURN_TYPE = YES_ERROR;
				GCC_WARN_UNDECLARED_SELECTOR = YES;
				GCC_WARN_UNINITIALIZED_AUTOS = YES_AGGRESSIVE;
				GCC_WARN_UNUSED_FUNCTION = YES;
				GCC_WARN_UNUSED_VARIABLE = YES;
				IPHONEOS_DEPLOYMENT_TARGET = 9.3;
				MTL_ENABLE_DEBUG_INFO = YES;
				ONLY_ACTIVE_ARCH = YES;
				SDKROOT = iphoneos;
				TARGETED_DEVICE_FAMILY = 2;
			};
			name = Debug;
		};
		A45F716C1CFF4776001FE696 /* Release */ = {
			isa = XCBuildConfiguration;
			buildSettings = {
				ALWAYS_SEARCH_USER_PATHS = NO;
				CLANG_ANALYZER_NONNULL = YES;
				CLANG_CXX_LANGUAGE_STANDARD = "gnu++0x";
				CLANG_CXX_LIBRARY = "libc++";
				CLANG_ENABLE_MODULES = YES;
				CLANG_ENABLE_OBJC_ARC = YES;
				CLANG_WARN_BOOL_CONVERSION = YES;
				CLANG_WARN_CONSTANT_CONVERSION = YES;
				CLANG_WARN_DIRECT_OBJC_ISA_USAGE = YES_ERROR;
				CLANG_WARN_EMPTY_BODY = YES;
				CLANG_WARN_ENUM_CONVERSION = YES;
				CLANG_WARN_INT_CONVERSION = YES;
				CLANG_WARN_OBJC_ROOT_CLASS = YES_ERROR;
				CLANG_WARN_UNREACHABLE_CODE = YES;
				CLANG_WARN__DUPLICATE_METHOD_MATCH = YES;
				"CODE_SIGN_IDENTITY[sdk=iphoneos*]" = "iPhone Developer";
				COPY_PHASE_STRIP = NO;
				DEBUG_INFORMATION_FORMAT = "dwarf-with-dsym";
				ENABLE_NS_ASSERTIONS = NO;
				ENABLE_STRICT_OBJC_MSGSEND = YES;
				GCC_C_LANGUAGE_STANDARD = gnu99;
				GCC_NO_COMMON_BLOCKS = YES;
				GCC_WARN_64_TO_32_BIT_CONVERSION = YES;
				GCC_WARN_ABOUT_RETURN_TYPE = YES_ERROR;
				GCC_WARN_UNDECLARED_SELECTOR = YES;
				GCC_WARN_UNINITIALIZED_AUTOS = YES_AGGRESSIVE;
				GCC_WARN_UNUSED_FUNCTION = YES;
				GCC_WARN_UNUSED_VARIABLE = YES;
				IPHONEOS_DEPLOYMENT_TARGET = 9.3;
				MTL_ENABLE_DEBUG_INFO = NO;
				SDKROOT = iphoneos;
				TARGETED_DEVICE_FAMILY = 2;
				VALIDATE_PRODUCT = YES;
			};
			name = Release;
		};
		A45F716E1CFF4776001FE696 /* Debug */ = {
			isa = XCBuildConfiguration;
			buildSettings = {
				ASSETCATALOG_COMPILER_APPICON_NAME = AppIcon;
				INFOPLIST_FILE = NerdFeed/Info.plist;
				LD_RUNPATH_SEARCH_PATHS = "$(inherited) @executable_path/Frameworks";
				PRODUCT_BUNDLE_IDENTIFIER = com.bignerdranch.NerdFeed;
				PRODUCT_NAME = "$(TARGET_NAME)";
			};
			name = Debug;
		};
		A45F716F1CFF4776001FE696 /* Release */ = {
			isa = XCBuildConfiguration;
			buildSettings = {
				ASSETCATALOG_COMPILER_APPICON_NAME = AppIcon;
				INFOPLIST_FILE = NerdFeed/Info.plist;
				LD_RUNPATH_SEARCH_PATHS = "$(inherited) @executable_path/Frameworks";
				PRODUCT_BUNDLE_IDENTIFIER = com.bignerdranch.NerdFeed;
				PRODUCT_NAME = "$(TARGET_NAME)";
			};
			name = Release;
		};
/* End XCBuildConfiguration section */

/* Begin XCConfigurationList section */
		A45F71511CFF4776001FE696 /* Build configuration list for PBXProject "NerdFeed" */ = {
			isa = XCConfigurationList;
			buildConfigurations = (
				A45F716B1CFF4776001FE696 /* Debug */,
				A45F716C1CFF4776001FE696 /* Release */,
			);
			defaultConfigurationIsVisible = 0;
			defaultConfigurationName = Release;
		};
		A45F716D1CFF4776001FE696 /* Build configuration list for PBXNativeTarget "NerdFeed" */ = {
			isa = XCConfigurationList;
			buildConfigurations = (
				A45F716E1CFF4776001FE696 /* Debug */,
				A45F716F1CFF4776001FE696 /* Release */,
			);
			defaultConfigurationIsVisible = 0;
		};
/* End XCConfigurationList section */
	};
	rootObject = A45F714E1CFF4776001FE696 /* Project object */;
}
